// !$*UTF8*$!
{
	archiveVersion = 1;
	classes = {
	};
	objectVersion = 50;
	objects = {

/* Begin PBXBuildFile section */
		F13B6E8126A88D5900CF7360 /* main.swift in Sources */ = {isa = PBXBuildFile; fileRef = F13B6E8026A88D5900CF7360 /* main.swift */; };
		F13B6E8826A88E3400CF7360 /* ExpressionHandler.swift in Sources */ = {isa = PBXBuildFile; fileRef = F13B6E8726A88E3400CF7360 /* ExpressionHandler.swift */; };
		F13B6E8C26A8908C00CF7360 /* Addition.swift in Sources */ = {isa = PBXBuildFile; fileRef = F13B6E8B26A8908C00CF7360 /* Addition.swift */; };
		F13B6E8E26A8909800CF7360 /* Multiplication.swift in Sources */ = {isa = PBXBuildFile; fileRef = F13B6E8D26A8909800CF7360 /* Multiplication.swift */; };
		F13B6E9026A890A300CF7360 /* Operation.swift in Sources */ = {isa = PBXBuildFile; fileRef = F13B6E8F26A890A300CF7360 /* Operation.swift */; };
		F13B6E9326A89A0100CF7360 /* Calculator.swift in Sources */ = {isa = PBXBuildFile; fileRef = F13B6E9226A89A0100CF7360 /* Calculator.swift */; };
		F13B6E9626A89B2D00CF7360 /* ExpressionParser.swift in Sources */ = {isa = PBXBuildFile; fileRef = F13B6E9526A89B2D00CF7360 /* ExpressionParser.swift */; };
		F13B6E9926A8B35A00CF7360 /* Node.swift in Sources */ = {isa = PBXBuildFile; fileRef = F13B6E9826A8B35A00CF7360 /* Node.swift */; };
		F13B6E9B26A8B36900CF7360 /* Tree.swift in Sources */ = {isa = PBXBuildFile; fileRef = F13B6E9A26A8B36900CF7360 /* Tree.swift */; };
		F13B6E9E26A8B81400CF7360 /* Stack.swift in Sources */ = {isa = PBXBuildFile; fileRef = F13B6E9D26A8B81400CF7360 /* Stack.swift */; };
		F13B6EA026AA306000CF7360 /* Exponent.swift in Sources */ = {isa = PBXBuildFile; fileRef = F13B6E9F26AA306000CF7360 /* Exponent.swift */; };
		F13B6EA326AA550600CF7360 /* Extension+IntValues.swift in Sources */ = {isa = PBXBuildFile; fileRef = F13B6EA226AA550600CF7360 /* Extension+IntValues.swift */; };
		F13B6EA526AA5BFE00CF7360 /* ErrorEnum.swift in Sources */ = {isa = PBXBuildFile; fileRef = F13B6EA426AA5BFE00CF7360 /* ErrorEnum.swift */; };
/* End PBXBuildFile section */

/* Begin PBXCopyFilesBuildPhase section */
		F13B6E7B26A88D5900CF7360 /* CopyFiles */ = {
			isa = PBXCopyFilesBuildPhase;
			buildActionMask = 2147483647;
			dstPath = /usr/share/man/man1/;
			dstSubfolderSpec = 0;
			files = (
			);
			runOnlyForDeploymentPostprocessing = 1;
		};
/* End PBXCopyFilesBuildPhase section */

/* Begin PBXFileReference section */
		F13B6E7D26A88D5900CF7360 /* ExpressionCalculator */ = {isa = PBXFileReference; explicitFileType = "compiled.mach-o.executable"; includeInIndex = 0; path = ExpressionCalculator; sourceTree = BUILT_PRODUCTS_DIR; };
		F13B6E8026A88D5900CF7360 /* main.swift */ = {isa = PBXFileReference; lastKnownFileType = sourcecode.swift; path = main.swift; sourceTree = "<group>"; };
		F13B6E8726A88E3400CF7360 /* ExpressionHandler.swift */ = {isa = PBXFileReference; lastKnownFileType = sourcecode.swift; path = ExpressionHandler.swift; sourceTree = "<group>"; };
		F13B6E8B26A8908C00CF7360 /* Addition.swift */ = {isa = PBXFileReference; lastKnownFileType = sourcecode.swift; path = Addition.swift; sourceTree = "<group>"; };
		F13B6E8D26A8909800CF7360 /* Multiplication.swift */ = {isa = PBXFileReference; lastKnownFileType = sourcecode.swift; path = Multiplication.swift; sourceTree = "<group>"; };
		F13B6E8F26A890A300CF7360 /* Operation.swift */ = {isa = PBXFileReference; lastKnownFileType = sourcecode.swift; path = Operation.swift; sourceTree = "<group>"; };
		F13B6E9226A89A0100CF7360 /* Calculator.swift */ = {isa = PBXFileReference; lastKnownFileType = sourcecode.swift; path = Calculator.swift; sourceTree = "<group>"; };
		F13B6E9526A89B2D00CF7360 /* ExpressionParser.swift */ = {isa = PBXFileReference; lastKnownFileType = sourcecode.swift; path = ExpressionParser.swift; sourceTree = "<group>"; };
		F13B6E9826A8B35A00CF7360 /* Node.swift */ = {isa = PBXFileReference; lastKnownFileType = sourcecode.swift; path = Node.swift; sourceTree = "<group>"; };
		F13B6E9A26A8B36900CF7360 /* Tree.swift */ = {isa = PBXFileReference; lastKnownFileType = sourcecode.swift; path = Tree.swift; sourceTree = "<group>"; };
		F13B6E9D26A8B81400CF7360 /* Stack.swift */ = {isa = PBXFileReference; lastKnownFileType = sourcecode.swift; path = Stack.swift; sourceTree = "<group>"; };
		F13B6E9F26AA306000CF7360 /* Exponent.swift */ = {isa = PBXFileReference; lastKnownFileType = sourcecode.swift; path = Exponent.swift; sourceTree = "<group>"; };
		F13B6EA226AA550600CF7360 /* Extension+IntValues.swift */ = {isa = PBXFileReference; lastKnownFileType = sourcecode.swift; path = "Extension+IntValues.swift"; sourceTree = "<group>"; };
		F13B6EA426AA5BFE00CF7360 /* ErrorEnum.swift */ = {isa = PBXFileReference; lastKnownFileType = sourcecode.swift; path = ErrorEnum.swift; sourceTree = "<group>"; };
/* End PBXFileReference section */

/* Begin PBXFrameworksBuildPhase section */
		F13B6E7A26A88D5900CF7360 /* Frameworks */ = {
			isa = PBXFrameworksBuildPhase;
			buildActionMask = 2147483647;
			files = (
			);
			runOnlyForDeploymentPostprocessing = 0;
		};
/* End PBXFrameworksBuildPhase section */

/* Begin PBXGroup section */
		F13B6E7426A88D5900CF7360 = {
			isa = PBXGroup;
			children = (
				F13B6E7F26A88D5900CF7360 /* ExpressionCalculator */,
				F13B6E7E26A88D5900CF7360 /* Products */,
			);
			sourceTree = "<group>";
		};
		F13B6E7E26A88D5900CF7360 /* Products */ = {
			isa = PBXGroup;
			children = (
				F13B6E7D26A88D5900CF7360 /* ExpressionCalculator */,
			);
			name = Products;
			sourceTree = "<group>";
		};
		F13B6E7F26A88D5900CF7360 /* ExpressionCalculator */ = {
			isa = PBXGroup;
			children = (
				F13B6E8A26A8906F00CF7360 /* ExpressionHandler */,
				F13B6E8026A88D5900CF7360 /* main.swift */,
			);
			path = ExpressionCalculator;
			sourceTree = "<group>";
		};
		F13B6E8A26A8906F00CF7360 /* ExpressionHandler */ = {
			isa = PBXGroup;
			children = (
				F13B6E8726A88E3400CF7360 /* ExpressionHandler.swift */,
				F13B6E9C26A8B55A00CF7360 /* Tree DS */,
				F13B6E9726A8A37F00CF7360 /* Parser */,
				F13B6E9426A89A1400CF7360 /* Calculator */,
			);
			path = ExpressionHandler;
			sourceTree = "<group>";
		};
		F13B6E9126A890AA00CF7360 /* Operations */ = {
			isa = PBXGroup;
			children = (
				F13B6E8B26A8908C00CF7360 /* Addition.swift */,
				F13B6E8D26A8909800CF7360 /* Multiplication.swift */,
				F13B6E9F26AA306000CF7360 /* Exponent.swift */,
				F13B6E8F26A890A300CF7360 /* Operation.swift */,
			);
			path = Operations;
			sourceTree = "<group>";
		};
		F13B6E9426A89A1400CF7360 /* Calculator */ = {
			isa = PBXGroup;
			children = (
				F13B6E9226A89A0100CF7360 /* Calculator.swift */,
				F13B6EA626AA5C0F00CF7360 /* Utilities */,
				F13B6E9126A890AA00CF7360 /* Operations */,
			);
			path = Calculator;
			sourceTree = "<group>";
		};
		F13B6E9726A8A37F00CF7360 /* Parser */ = {
			isa = PBXGroup;
			children = (
				F13B6E9526A89B2D00CF7360 /* ExpressionParser.swift */,
			);
			path = Parser;
			sourceTree = "<group>";
		};
		F13B6E9C26A8B55A00CF7360 /* Tree DS */ = {
			isa = PBXGroup;
			children = (
				F13B6E9826A8B35A00CF7360 /* Node.swift */,
				F13B6E9A26A8B36900CF7360 /* Tree.swift */,
				F13B6E9D26A8B81400CF7360 /* Stack.swift */,
			);
			path = "Tree DS";
			sourceTree = "<group>";
		};
		F13B6EA626AA5C0F00CF7360 /* Utilities */ = {
			isa = PBXGroup;
			children = (
				F13B6EA226AA550600CF7360 /* Extension+IntValues.swift */,
				F13B6EA426AA5BFE00CF7360 /* ErrorEnum.swift */,
			);
			path = Utilities;
			sourceTree = "<group>";
		};
/* End PBXGroup section */

/* Begin PBXNativeTarget section */
		F13B6E7C26A88D5900CF7360 /* ExpressionCalculator */ = {
			isa = PBXNativeTarget;
			buildConfigurationList = F13B6E8426A88D5900CF7360 /* Build configuration list for PBXNativeTarget "ExpressionCalculator" */;
			buildPhases = (
				F13B6E7926A88D5900CF7360 /* Sources */,
				F13B6E7A26A88D5900CF7360 /* Frameworks */,
				F13B6E7B26A88D5900CF7360 /* CopyFiles */,
			);
			buildRules = (
			);
			dependencies = (
			);
			name = ExpressionCalculator;
			productName = ExpressionCalculator;
			productReference = F13B6E7D26A88D5900CF7360 /* ExpressionCalculator */;
			productType = "com.apple.product-type.tool";
		};
/* End PBXNativeTarget section */

/* Begin PBXProject section */
		F13B6E7526A88D5900CF7360 /* Project object */ = {
			isa = PBXProject;
			attributes = {
				LastSwiftUpdateCheck = 1250;
				LastUpgradeCheck = 1250;
				TargetAttributes = {
					F13B6E7C26A88D5900CF7360 = {
						CreatedOnToolsVersion = 12.5.1;
					};
				};
			};
			buildConfigurationList = F13B6E7826A88D5900CF7360 /* Build configuration list for PBXProject "ExpressionCalculator" */;
			compatibilityVersion = "Xcode 9.3";
			developmentRegion = en;
			hasScannedForEncodings = 0;
			knownRegions = (
				en,
				Base,
			);
			mainGroup = F13B6E7426A88D5900CF7360;
			productRefGroup = F13B6E7E26A88D5900CF7360 /* Products */;
			projectDirPath = "";
			projectRoot = "";
			targets = (
				F13B6E7C26A88D5900CF7360 /* ExpressionCalculator */,
			);
		};
/* End PBXProject section */

/* Begin PBXSourcesBuildPhase section */
		F13B6E7926A88D5900CF7360 /* Sources */ = {
			isa = PBXSourcesBuildPhase;
			buildActionMask = 2147483647;
			files = (
				F13B6E8126A88D5900CF7360 /* main.swift in Sources */,
				F13B6E8E26A8909800CF7360 /* Multiplication.swift in Sources */,
				F13B6E8C26A8908C00CF7360 /* Addition.swift in Sources */,
				F13B6E9B26A8B36900CF7360 /* Tree.swift in Sources */,
				F13B6EA026AA306000CF7360 /* Exponent.swift in Sources */,
				F13B6EA526AA5BFE00CF7360 /* ErrorEnum.swift in Sources */,
				F13B6E9926A8B35A00CF7360 /* Node.swift in Sources */,
				F13B6E9026A890A300CF7360 /* Operation.swift in Sources */,
				F13B6E9E26A8B81400CF7360 /* Stack.swift in Sources */,
				F13B6EA326AA550600CF7360 /* Extension+IntValues.swift in Sources */,
				F13B6E8826A88E3400CF7360 /* ExpressionHandler.swift in Sources */,
				F13B6E9626A89B2D00CF7360 /* ExpressionParser.swift in Sources */,
				F13B6E9326A89A0100CF7360 /* Calculator.swift in Sources */,
			);
			runOnlyForDeploymentPostprocessing = 0;
		};
/* End PBXSourcesBuildPhase section */

/* Begin XCBuildConfiguration section */
		F13B6E8226A88D5900CF7360 /* Debug */ = {
			isa = XCBuildConfiguration;
			buildSettings = {
				ALWAYS_SEARCH_USER_PATHS = NO;
				CLANG_ANALYZER_NONNULL = YES;
				CLANG_ANALYZER_NUMBER_OBJECT_CONVERSION = YES_AGGRESSIVE;
				CLANG_CXX_LANGUAGE_STANDARD = "gnu++14";
				CLANG_CXX_LIBRARY = "libc++";
				CLANG_ENABLE_MODULES = YES;
				CLANG_ENABLE_OBJC_ARC = YES;
				CLANG_ENABLE_OBJC_WEAK = YES;
				CLANG_WARN_BLOCK_CAPTURE_AUTORELEASING = YES;
				CLANG_WARN_BOOL_CONVERSION = YES;
				CLANG_WARN_COMMA = YES;
				CLANG_WARN_CONSTANT_CONVERSION = YES;
				CLANG_WARN_DEPRECATED_OBJC_IMPLEMENTATIONS = YES;
				CLANG_WARN_DIRECT_OBJC_ISA_USAGE = YES_ERROR;
				CLANG_WARN_DOCUMENTATION_COMMENTS = YES;
				CLANG_WARN_EMPTY_BODY = YES;
				CLANG_WARN_ENUM_CONVERSION = YES;
				CLANG_WARN_INFINITE_RECURSION = YES;
				CLANG_WARN_INT_CONVERSION = YES;
				CLANG_WARN_NON_LITERAL_NULL_CONVERSION = YES;
				CLANG_WARN_OBJC_IMPLICIT_RETAIN_SELF = YES;
				CLANG_WARN_OBJC_LITERAL_CONVERSION = YES;
				CLANG_WARN_OBJC_ROOT_CLASS = YES_ERROR;
				CLANG_WARN_QUOTED_INCLUDE_IN_FRAMEWORK_HEADER = YES;
				CLANG_WARN_RANGE_LOOP_ANALYSIS = YES;
				CLANG_WARN_STRICT_PROTOTYPES = YES;
				CLANG_WARN_SUSPICIOUS_MOVE = YES;
				CLANG_WARN_UNGUARDED_AVAILABILITY = YES_AGGRESSIVE;
				CLANG_WARN_UNREACHABLE_CODE = YES;
				CLANG_WARN__DUPLICATE_METHOD_MATCH = YES;
				COPY_PHASE_STRIP = NO;
				DEBUG_INFORMATION_FORMAT = dwarf;
				ENABLE_STRICT_OBJC_MSGSEND = YES;
				ENABLE_TESTABILITY = NO;
				ENABLE_TESTING_SEARCH_PATHS = YES;
				GCC_C_LANGUAGE_STANDARD = gnu11;
				GCC_DYNAMIC_NO_PIC = NO;
				GCC_NO_COMMON_BLOCKS = YES;
				GCC_OPTIMIZATION_LEVEL = 0;
				GCC_PREPROCESSOR_DEFINITIONS = (
					"DEBUG=1",
					"$(inherited)",
				);
				GCC_WARN_64_TO_32_BIT_CONVERSION = YES;
				GCC_WARN_ABOUT_RETURN_TYPE = YES_ERROR;
				GCC_WARN_UNDECLARED_SELECTOR = YES;
				GCC_WARN_UNINITIALIZED_AUTOS = YES_AGGRESSIVE;
				GCC_WARN_UNUSED_FUNCTION = YES;
				GCC_WARN_UNUSED_VARIABLE = YES;
				MACOSX_DEPLOYMENT_TARGET = 11.3;
				MTL_ENABLE_DEBUG_INFO = INCLUDE_SOURCE;
				MTL_FAST_MATH = YES;
				ONLY_ACTIVE_ARCH = YES;
				SDKROOT = macosx;
				SWIFT_ACTIVE_COMPILATION_CONDITIONS = DEBUG;
				SWIFT_OPTIMIZATION_LEVEL = "-Onone";
				TEST_HOST = "$(BUNDLE_LOADER)";
			};
			name = Debug;
		};
		F13B6E8326A88D5900CF7360 /* Release */ = {
			isa = XCBuildConfiguration;
			buildSettings = {
				ALWAYS_SEARCH_USER_PATHS = NO;
				CLANG_ANALYZER_NONNULL = YES;
				CLANG_ANALYZER_NUMBER_OBJECT_CONVERSION = YES_AGGRESSIVE;
				CLANG_CXX_LANGUAGE_STANDARD = "gnu++14";
				CLANG_CXX_LIBRARY = "libc++";
				CLANG_ENABLE_MODULES = YES;
				CLANG_ENABLE_OBJC_ARC = YES;
				CLANG_ENABLE_OBJC_WEAK = YES;
				CLANG_WARN_BLOCK_CAPTURE_AUTORELEASING = YES;
				CLANG_WARN_BOOL_CONVERSION = YES;
				CLANG_WARN_COMMA = YES;
				CLANG_WARN_CONSTANT_CONVERSION = YES;
				CLANG_WARN_DEPRECATED_OBJC_IMPLEMENTATIONS = YES;
				CLANG_WARN_DIRECT_OBJC_ISA_USAGE = YES_ERROR;
				CLANG_WARN_DOCUMENTATION_COMMENTS = YES;
				CLANG_WARN_EMPTY_BODY = YES;
				CLANG_WARN_ENUM_CONVERSION = YES;
				CLANG_WARN_INFINITE_RECURSION = YES;
				CLANG_WARN_INT_CONVERSION = YES;
				CLANG_WARN_NON_LITERAL_NULL_CONVERSION = YES;
				CLANG_WARN_OBJC_IMPLICIT_RETAIN_SELF = YES;
				CLANG_WARN_OBJC_LITERAL_CONVERSION = YES;
				CLANG_WARN_OBJC_ROOT_CLASS = YES_ERROR;
				CLANG_WARN_QUOTED_INCLUDE_IN_FRAMEWORK_HEADER = YES;
				CLANG_WARN_RANGE_LOOP_ANALYSIS = YES;
				CLANG_WARN_STRICT_PROTOTYPES = YES;
				CLANG_WARN_SUSPICIOUS_MOVE = YES;
				CLANG_WARN_UNGUARDED_AVAILABILITY = YES_AGGRESSIVE;
				CLANG_WARN_UNREACHABLE_CODE = YES;
				CLANG_WARN__DUPLICATE_METHOD_MATCH = YES;
				COPY_PHASE_STRIP = NO;
				DEBUG_INFORMATION_FORMAT = "dwarf-with-dsym";
				ENABLE_NS_ASSERTIONS = NO;
				ENABLE_STRICT_OBJC_MSGSEND = YES;
				ENABLE_TESTING_SEARCH_PATHS = YES;
				GCC_C_LANGUAGE_STANDARD = gnu11;
				GCC_NO_COMMON_BLOCKS = YES;
				GCC_WARN_64_TO_32_BIT_CONVERSION = YES;
				GCC_WARN_ABOUT_RETURN_TYPE = YES_ERROR;
				GCC_WARN_UNDECLARED_SELECTOR = YES;
				GCC_WARN_UNINITIALIZED_AUTOS = YES_AGGRESSIVE;
				GCC_WARN_UNUSED_FUNCTION = YES;
				GCC_WARN_UNUSED_VARIABLE = YES;
				MACOSX_DEPLOYMENT_TARGET = 11.3;
				MTL_ENABLE_DEBUG_INFO = NO;
				MTL_FAST_MATH = YES;
				ONLY_ACTIVE_ARCH = NO;
				SDKROOT = macosx;
				SWIFT_COMPILATION_MODE = wholemodule;
				SWIFT_OPTIMIZATION_LEVEL = "-O";
				TEST_HOST = "$(BUNDLE_LOADER)";
			};
			name = Release;
		};
		F13B6E8526A88D5900CF7360 /* Debug */ = {
			isa = XCBuildConfiguration;
			buildSettings = {
				BUNDLE_LOADER = "";
				CODE_SIGN_STYLE = Automatic;
				DEVELOPMENT_TEAM = LLWD38QT8C;
				ENABLE_HARDENED_RUNTIME = YES;
				GCC_SYMBOLS_PRIVATE_EXTERN = NO;
				PRODUCT_NAME = "$(TARGET_NAME)";
				SWIFT_VERSION = 5.0;
				TEST_HOST = "";
			};
			name = Debug;
		};
		F13B6E8626A88D5900CF7360 /* Release */ = {
			isa = XCBuildConfiguration;
			buildSettings = {
				BUNDLE_LOADER = "";
				CODE_SIGN_STYLE = Automatic;
				DEVELOPMENT_TEAM = LLWD38QT8C;
				ENABLE_HARDENED_RUNTIME = YES;
				GCC_SYMBOLS_PRIVATE_EXTERN = NO;
				PRODUCT_NAME = "$(TARGET_NAME)";
				SWIFT_VERSION = 5.0;
				TEST_HOST = "";
			};
			name = Release;
		};
		F1D32FA926AB60C30017DD2D /* Debug console */ = {
			isa = XCBuildConfiguration;
			buildSettings = {
				ALWAYS_SEARCH_USER_PATHS = NO;
				CLANG_ANALYZER_NONNULL = YES;
				CLANG_ANALYZER_NUMBER_OBJECT_CONVERSION = YES_AGGRESSIVE;
				CLANG_CXX_LANGUAGE_STANDARD = "gnu++14";
				CLANG_CXX_LIBRARY = "libc++";
				CLANG_ENABLE_MODULES = YES;
				CLANG_ENABLE_OBJC_ARC = YES;
				CLANG_ENABLE_OBJC_WEAK = YES;
				CLANG_WARN_BLOCK_CAPTURE_AUTORELEASING = YES;
				CLANG_WARN_BOOL_CONVERSION = YES;
				CLANG_WARN_COMMA = YES;
				CLANG_WARN_CONSTANT_CONVERSION = YES;
				CLANG_WARN_DEPRECATED_OBJC_IMPLEMENTATIONS = YES;
				CLANG_WARN_DIRECT_OBJC_ISA_USAGE = YES_ERROR;
				CLANG_WARN_DOCUMENTATION_COMMENTS = YES;
				CLANG_WARN_EMPTY_BODY = YES;
				CLANG_WARN_ENUM_CONVERSION = YES;
				CLANG_WARN_INFINITE_RECURSION = YES;
				CLANG_WARN_INT_CONVERSION = YES;
				CLANG_WARN_NON_LITERAL_NULL_CONVERSION = YES;
				CLANG_WARN_OBJC_IMPLICIT_RETAIN_SELF = YES;
				CLANG_WARN_OBJC_LITERAL_CONVERSION = YES;
				CLANG_WARN_OBJC_ROOT_CLASS = YES_ERROR;
				CLANG_WARN_QUOTED_INCLUDE_IN_FRAMEWORK_HEADER = YES;
				CLANG_WARN_RANGE_LOOP_ANALYSIS = YES;
				CLANG_WARN_STRICT_PROTOTYPES = YES;
				CLANG_WARN_SUSPICIOUS_MOVE = YES;
				CLANG_WARN_UNGUARDED_AVAILABILITY = YES_AGGRESSIVE;
				CLANG_WARN_UNREACHABLE_CODE = YES;
				CLANG_WARN__DUPLICATE_METHOD_MATCH = YES;
				COPY_PHASE_STRIP = NO;
				DEBUG_INFORMATION_FORMAT = dwarf;
				ENABLE_STRICT_OBJC_MSGSEND = YES;
				ENABLE_TESTABILITY = NO;
				ENABLE_TESTING_SEARCH_PATHS = YES;
				GCC_C_LANGUAGE_STANDARD = gnu11;
				GCC_DYNAMIC_NO_PIC = NO;
				GCC_NO_COMMON_BLOCKS = YES;
				GCC_OPTIMIZATION_LEVEL = 0;
				GCC_PREPROCESSOR_DEFINITIONS = (
					"DEBUG=1",
					"$(inherited)",
				);
				GCC_WARN_64_TO_32_BIT_CONVERSION = YES;
				GCC_WARN_ABOUT_RETURN_TYPE = YES_ERROR;
				GCC_WARN_UNDECLARED_SELECTOR = YES;
				GCC_WARN_UNINITIALIZED_AUTOS = YES_AGGRESSIVE;
				GCC_WARN_UNUSED_FUNCTION = YES;
				GCC_WARN_UNUSED_VARIABLE = YES;
				MACOSX_DEPLOYMENT_TARGET = 11.3;
				MTL_ENABLE_DEBUG_INFO = INCLUDE_SOURCE;
				MTL_FAST_MATH = YES;
				ONLY_ACTIVE_ARCH = YES;
				SDKROOT = macosx;
				SWIFT_ACTIVE_COMPILATION_CONDITIONS = "DEBUG CONSOLE";
				SWIFT_OPTIMIZATION_LEVEL = "-Onone";
				TEST_HOST = "$(BUNDLE_LOADER)";
			};
			name = "Debug console";
		};
		F1D32FAA26AB60C30017DD2D /* Debug console */ = {
			isa = XCBuildConfiguration;
			buildSettings = {
				BUNDLE_LOADER = "";
				CODE_SIGN_STYLE = Automatic;
				DEVELOPMENT_TEAM = LLWD38QT8C;
				ENABLE_HARDENED_RUNTIME = YES;
				GCC_SYMBOLS_PRIVATE_EXTERN = NO;
				PRODUCT_NAME = "$(TARGET_NAME)";
				SWIFT_VERSION = 5.0;
				TEST_HOST = "";
			};
			name = "Debug console";
		};
/* End XCBuildConfiguration section */

/* Begin XCConfigurationList section */
		F13B6E7826A88D5900CF7360 /* Build configuration list for PBXProject "ExpressionCalculator" */ = {
			isa = XCConfigurationList;
			buildConfigurations = (
				F13B6E8226A88D5900CF7360 /* Debug */,
				F1D32FA926AB60C30017DD2D /* Debug console */,
				F13B6E8326A88D5900CF7360 /* Release */,
			);
			defaultConfigurationIsVisible = 0;
			defaultConfigurationName = Debug;
		};
		F13B6E8426A88D5900CF7360 /* Build configuration list for PBXNativeTarget "ExpressionCalculator" */ = {
			isa = XCConfigurationList;
			buildConfigurations = (
				F13B6E8526A88D5900CF7360 /* Debug */,
				F1D32FAA26AB60C30017DD2D /* Debug console */,
				F13B6E8626A88D5900CF7360 /* Release */,
			);
			defaultConfigurationIsVisible = 0;
			defaultConfigurationName = Debug;
		};
/* End XCConfigurationList section */
	};
	rootObject = F13B6E7526A88D5900CF7360 /* Project object */;
}
